
Microsoft Visual Studio Solution File, Format Version 12.00
# Visual Studio 2012
Project("{FAE04EC0-301F-11D3-BF4B-00C04F79EFBC}") = "OddOrEven", "OddOrEven\OddOrEven.csproj", "{862178A3-7565-4644-ABD6-7280A61134DD}"
EndProject
Project("{FAE04EC0-301F-11D3-BF4B-00C04F79EFBC}") = "MoonGravity", "MoonGravity\MoonGravity.csproj", "{43B81781-615B-4A14-8AE1-F46468736661}"
EndProject
Project("{FAE04EC0-301F-11D3-BF4B-00C04F79EFBC}") = "ExtractBitNum3", "ExtractBitNum3\ExtractBitNum3.csproj", "{682BE3A1-0C79-49E9-B453-88A3AAF3CDEE}"
EndProject
Project("{FAE04EC0-301F-11D3-BF4B-00C04F79EFBC}") = "ExtractBitFromInt", "ExtractBitFromInt\ExtractBitFromInt.csproj", "{8ADBE0AC-C816-465C-A12A-90F48194DBDE}"
EndProject
Project("{FAE04EC0-301F-11D3-BF4B-00C04F79EFBC}") = "CheckBitAtPosition", "CheckBitAtPosition\CheckBitAtPosition.csproj", "{A3262FB6-6094-4739-8E50-8697C4494663}"
EndProject
Project("{FAE04EC0-301F-11D3-BF4B-00C04F79EFBC}") = "ModifyBit", "ModifyBit\ModifyBit.csproj", "{56D1C671-6016-4B78-9E6A-E339EE2C78CF}"
EndProject
Project("{FAE04EC0-301F-11D3-BF4B-00C04F79EFBC}") = "BitExchange", "BitExchange\BitExchange.csproj", "{02616C0F-FEB4-4E93-AFED-AA3E179CEDA5}"
EndProject
Project("{FAE04EC0-301F-11D3-BF4B-00C04F79EFBC}") = "DivideBy7and5", "DivideBy7and5\DivideBy7and5.csproj", "{177B41DC-6D5F-418E-9B54-22D24C15523A}"
EndProject
Project("{FAE04EC0-301F-11D3-BF4B-00C04F79EFBC}") = "PointInCircle", "PointInCircle\PointInCircle.csproj", "{39434054-936B-4E63-B4ED-BC7D7A6DFAE2}"
EndProject
Project("{FAE04EC0-301F-11D3-BF4B-00C04F79EFBC}") = "IsThirdDigit7", "IsThirdDigit7\IsThirdDigit7.csproj", "{71FFE0C7-994D-4898-89F3-89D8F779621F}"
EndProject
Project("{FAE04EC0-301F-11D3-BF4B-00C04F79EFBC}") = "FourDigitNumber", "FourDigitNumber\FourDigitNumber.csproj", "{363911CC-AE95-4EB9-9FE8-08F7156DF2CD}"
EndProject
Project("{FAE04EC0-301F-11D3-BF4B-00C04F79EFBC}") = "PrimeNumberCheck", "PrimeNumberCheck\PrimeNumberCheck.csproj", "{45DCA7F1-C203-4028-94D3-21C65C46AE95}"
EndProject
Project("{FAE04EC0-301F-11D3-BF4B-00C04F79EFBC}") = "Rectrangle", "Rectrangle\Rectrangle.csproj", "{44A09457-12B0-435C-850A-647CEF0CA13F}"
EndProject
Project("{FAE04EC0-301F-11D3-BF4B-00C04F79EFBC}") = "Trapezoids", "Trapezoids\Trapezoids.csproj", "{769796D5-88FD-4FB9-8341-1AEEFC1372D8}"
EndProject
Project("{FAE04EC0-301F-11D3-BF4B-00C04F79EFBC}") = "InCircleOutRectrangle", "InCircleOutRectrangle\InCircleOutRectrangle.csproj", "{4A64D7F3-DFF8-45FC-A308-3B6C9CEBD0FC}"
EndProject
Project("{FAE04EC0-301F-11D3-BF4B-00C04F79EFBC}") = "BitsExchangeAdvanced", "BitsExchangeAdvanced\BitsExchangeAdvanced.csproj", "{AFFADA91-90CC-41E4-84C2-B6C159364C67}"
EndProject
Global
	GlobalSection(SolutionConfigurationPlatforms) = preSolution
		Debug|Any CPU = Debug|Any CPU
		Release|Any CPU = Release|Any CPU
	EndGlobalSection
	GlobalSection(ProjectConfigurationPlatforms) = postSolution
		{862178A3-7565-4644-ABD6-7280A61134DD}.Debug|Any CPU.ActiveCfg = Debug|Any CPU
		{862178A3-7565-4644-ABD6-7280A61134DD}.Debug|Any CPU.Build.0 = Debug|Any CPU
		{862178A3-7565-4644-ABD6-7280A61134DD}.Release|Any CPU.ActiveCfg = Release|Any CPU
		{862178A3-7565-4644-ABD6-7280A61134DD}.Release|Any CPU.Build.0 = Release|Any CPU
		{43B81781-615B-4A14-8AE1-F46468736661}.Debug|Any CPU.ActiveCfg = Debug|Any CPU
		{43B81781-615B-4A14-8AE1-F46468736661}.Debug|Any CPU.Build.0 = Debug|Any CPU
		{43B81781-615B-4A14-8AE1-F46468736661}.Release|Any CPU.ActiveCfg = Release|Any CPU
		{43B81781-615B-4A14-8AE1-F46468736661}.Release|Any CPU.Build.0 = Release|Any CPU
		{682BE3A1-0C79-49E9-B453-88A3AAF3CDEE}.Debug|Any CPU.ActiveCfg = Debug|Any CPU
		{682BE3A1-0C79-49E9-B453-88A3AAF3CDEE}.Debug|Any CPU.Build.0 = Debug|Any CPU
		{682BE3A1-0C79-49E9-B453-88A3AAF3CDEE}.Release|Any CPU.ActiveCfg = Release|Any CPU
		{682BE3A1-0C79-49E9-B453-88A3AAF3CDEE}.Release|Any CPU.Build.0 = Release|Any CPU
		{8ADBE0AC-C816-465C-A12A-90F48194DBDE}.Debug|Any CPU.ActiveCfg = Debug|Any CPU
		{8ADBE0AC-C816-465C-A12A-90F48194DBDE}.Debug|Any CPU.Build.0 = Debug|Any CPU
		{8ADBE0AC-C816-465C-A12A-90F48194DBDE}.Release|Any CPU.ActiveCfg = Release|Any CPU
		{8ADBE0AC-C816-465C-A12A-90F48194DBDE}.Release|Any CPU.Build.0 = Release|Any CPU
		{A3262FB6-6094-4739-8E50-8697C4494663}.Debug|Any CPU.ActiveCfg = Debug|Any CPU
		{A3262FB6-6094-4739-8E50-8697C4494663}.Debug|Any CPU.Build.0 = Debug|Any CPU
		{A3262FB6-6094-4739-8E50-8697C4494663}.Release|Any CPU.ActiveCfg = Release|Any CPU
		{A3262FB6-6094-4739-8E50-8697C4494663}.Release|Any CPU.Build.0 = Release|Any CPU
		{56D1C671-6016-4B78-9E6A-E339EE2C78CF}.Debug|Any CPU.ActiveCfg = Debug|Any CPU
		{56D1C671-6016-4B78-9E6A-E339EE2C78CF}.Debug|Any CPU.Build.0 = Debug|Any CPU
		{56D1C671-6016-4B78-9E6A-E339EE2C78CF}.Release|Any CPU.ActiveCfg = Release|Any CPU
		{56D1C671-6016-4B78-9E6A-E339EE2C78CF}.Release|Any CPU.Build.0 = Release|Any CPU
		{02616C0F-FEB4-4E93-AFED-AA3E179CEDA5}.Debug|Any CPU.ActiveCfg = Debug|Any CPU
		{02616C0F-FEB4-4E93-AFED-AA3E179CEDA5}.Debug|Any CPU.Build.0 = Debug|Any CPU
		{02616C0F-FEB4-4E93-AFED-AA3E179CEDA5}.Release|Any CPU.ActiveCfg = Release|Any CPU
		{02616C0F-FEB4-4E93-AFED-AA3E179CEDA5}.Release|Any CPU.Build.0 = Release|Any CPU
		{177B41DC-6D5F-418E-9B54-22D24C15523A}.Debug|Any CPU.ActiveCfg = Debug|Any CPU
		{177B41DC-6D5F-418E-9B54-22D24C15523A}.Debug|Any CPU.Build.0 = Debug|Any CPU
		{177B41DC-6D5F-418E-9B54-22D24C15523A}.Release|Any CPU.ActiveCfg = Release|Any CPU
		{177B41DC-6D5F-418E-9B54-22D24C15523A}.Release|Any CPU.Build.0 = Release|Any CPU
		{39434054-936B-4E63-B4ED-BC7D7A6DFAE2}.Debug|Any CPU.ActiveCfg = Debug|Any CPU
		{39434054-936B-4E63-B4ED-BC7D7A6DFAE2}.Debug|Any CPU.Build.0 = Debug|Any CPU
		{39434054-936B-4E63-B4ED-BC7D7A6DFAE2}.Release|Any CPU.ActiveCfg = Release|Any CPU
		{39434054-936B-4E63-B4ED-BC7D7A6DFAE2}.Release|Any CPU.Build.0 = Release|Any CPU
		{71FFE0C7-994D-4898-89F3-89D8F779621F}.Debug|Any CPU.ActiveCfg = Debug|Any CPU
		{71FFE0C7-994D-4898-89F3-89D8F779621F}.Debug|Any CPU.Build.0 = Debug|Any CPU
		{71FFE0C7-994D-4898-89F3-89D8F779621F}.Release|Any CPU.ActiveCfg = Release|Any CPU
		{71FFE0C7-994D-4898-89F3-89D8F779621F}.Release|Any CPU.Build.0 = Release|Any CPU
		{363911CC-AE95-4EB9-9FE8-08F7156DF2CD}.Debug|Any CPU.ActiveCfg = Debug|Any CPU
		{363911CC-AE95-4EB9-9FE8-08F7156DF2CD}.Debug|Any CPU.Build.0 = Debug|Any CPU
		{363911CC-AE95-4EB9-9FE8-08F7156DF2CD}.Release|Any CPU.ActiveCfg = Release|Any CPU
		{363911CC-AE95-4EB9-9FE8-08F7156DF2CD}.Release|Any CPU.Build.0 = Release|Any CPU
		{45DCA7F1-C203-4028-94D3-21C65C46AE95}.Debug|Any CPU.ActiveCfg = Debug|Any CPU
		{45DCA7F1-C203-4028-94D3-21C65C46AE95}.Debug|Any CPU.Build.0 = Debug|Any CPU
		{45DCA7F1-C203-4028-94D3-21C65C46AE95}.Release|Any CPU.ActiveCfg = Release|Any CPU
		{45DCA7F1-C203-4028-94D3-21C65C46AE95}.Release|Any CPU.Build.0 = Release|Any CPU
		{44A09457-12B0-435C-850A-647CEF0CA13F}.Debug|Any CPU.ActiveCfg = Debug|Any CPU
		{44A09457-12B0-435C-850A-647CEF0CA13F}.Debug|Any CPU.Build.0 = Debug|Any CPU
		{44A09457-12B0-435C-850A-647CEF0CA13F}.Release|Any CPU.ActiveCfg = Release|Any CPU
		{44A09457-12B0-435C-850A-647CEF0CA13F}.Release|Any CPU.Build.0 = Release|Any CPU
		{769796D5-88FD-4FB9-8341-1AEEFC1372D8}.Debug|Any CPU.ActiveCfg = Debug|Any CPU
		{769796D5-88FD-4FB9-8341-1AEEFC1372D8}.Debug|Any CPU.Build.0 = Debug|Any CPU
		{769796D5-88FD-4FB9-8341-1AEEFC1372D8}.Release|Any CPU.ActiveCfg = Release|Any CPU
		{769796D5-88FD-4FB9-8341-1AEEFC1372D8}.Release|Any CPU.Build.0 = Release|Any CPU
		{4A64D7F3-DFF8-45FC-A308-3B6C9CEBD0FC}.Debug|Any CPU.ActiveCfg = Debug|Any CPU
		{4A64D7F3-DFF8-45FC-A308-3B6C9CEBD0FC}.Debug|Any CPU.Build.0 = Debug|Any CPU
		{4A64D7F3-DFF8-45FC-A308-3B6C9CEBD0FC}.Release|Any CPU.ActiveCfg = Release|Any CPU
		{4A64D7F3-DFF8-45FC-A308-3B6C9CEBD0FC}.Release|Any CPU.Build.0 = Release|Any CPU
		{AFFADA91-90CC-41E4-84C2-B6C159364C67}.Debug|Any CPU.ActiveCfg = Debug|Any CPU
		{AFFADA91-90CC-41E4-84C2-B6C159364C67}.Debug|Any CPU.Build.0 = Debug|Any CPU
		{AFFADA91-90CC-41E4-84C2-B6C159364C67}.Release|Any CPU.ActiveCfg = Release|Any CPU
		{AFFADA91-90CC-41E4-84C2-B6C159364C67}.Release|Any CPU.Build.0 = Release|Any CPU
	EndGlobalSection
	GlobalSection(SolutionProperties) = preSolution
		HideSolutionNode = FALSE
	EndGlobalSection
EndGlobal
