
Microsoft Visual Studio Solution File, Format Version 12.00
# Visual Studio 2013
VisualStudioVersion = 12.0.30723.0
MinimumVisualStudioVersion = 10.0.40219.1
Project("{FAE04EC0-301F-11D3-BF4B-00C04F79EFBC}") = "Person", "Person\Person.csproj", "{EC382AE8-5485-47AA-8851-D85882FFE0DB}"
EndProject
Project("{FAE04EC0-301F-11D3-BF4B-00C04F79EFBC}") = "LaptopShop", "LaptopShop\LaptopShop.csproj", "{B0369D60-0910-439B-9DD8-1E0F8E25A40A}"
EndProject
Global
	GlobalSection(SolutionConfigurationPlatforms) = preSolution
		Debug|Any CPU = Debug|Any CPU
		Release|Any CPU = Release|Any CPU
	EndGlobalSection
	GlobalSection(ProjectConfigurationPlatforms) = postSolution
		{EC382AE8-5485-47AA-8851-D85882FFE0DB}.Debug|Any CPU.ActiveCfg = Debug|Any CPU
		{EC382AE8-5485-47AA-8851-D85882FFE0DB}.Debug|Any CPU.Build.0 = Debug|Any CPU
		{EC382AE8-5485-47AA-8851-D85882FFE0DB}.Release|Any CPU.ActiveCfg = Release|Any CPU
		{EC382AE8-5485-47AA-8851-D85882FFE0DB}.Release|Any CPU.Build.0 = Release|Any CPU
		{B0369D60-0910-439B-9DD8-1E0F8E25A40A}.Debug|Any CPU.ActiveCfg = Debug|Any CPU
		{B0369D60-0910-439B-9DD8-1E0F8E25A40A}.Debug|Any CPU.Build.0 = Debug|Any CPU
		{B0369D60-0910-439B-9DD8-1E0F8E25A40A}.Release|Any CPU.ActiveCfg = Release|Any CPU
		{B0369D60-0910-439B-9DD8-1E0F8E25A40A}.Release|Any CPU.Build.0 = Release|Any CPU
	EndGlobalSection
	GlobalSection(SolutionProperties) = preSolution
		HideSolutionNode = FALSE
	EndGlobalSection
EndGlobal
