
Microsoft Visual Studio Solution File, Format Version 12.00
# Visual Studio 2012
Project("{FAE04EC0-301F-11D3-BF4B-00C04F79EFBC}") = "FibonacciNumbers", "FibonacciNumbers\FibonacciNumbers.csproj", "{752D3CF5-793D-488A-B51A-043857FB731E}"
EndProject
Project("{FAE04EC0-301F-11D3-BF4B-00C04F79EFBC}") = "PrimeChecker", "PrimeChecker\PrimeChecker.csproj", "{98B4E121-12E5-4035-B721-4879C4DC445E}"
EndProject
Project("{FAE04EC0-301F-11D3-BF4B-00C04F79EFBC}") = "DifferenceBetweenDates", "DifferenceBetweenDates\DifferenceBetweenDates.csproj", "{0276C9D7-18E4-45A2-8CD1-3C51DD79D81C}"
EndProject
Project("{FAE04EC0-301F-11D3-BF4B-00C04F79EFBC}") = "SortingNumbers", "SortingNumbers\SortingNumbers.csproj", "{A86ACD3D-8B75-4BDF-A586-26A6E287AAF5}"
EndProject
Project("{FAE04EC0-301F-11D3-BF4B-00C04F79EFBC}") = "RemoveNames", "RemoveNames\RemoveNames.csproj", "{AADB45F5-215D-4A97-84F2-93DCDCDE7191}"
EndProject
Global
	GlobalSection(SolutionConfigurationPlatforms) = preSolution
		Debug|Any CPU = Debug|Any CPU
		Release|Any CPU = Release|Any CPU
	EndGlobalSection
	GlobalSection(ProjectConfigurationPlatforms) = postSolution
		{752D3CF5-793D-488A-B51A-043857FB731E}.Debug|Any CPU.ActiveCfg = Debug|Any CPU
		{752D3CF5-793D-488A-B51A-043857FB731E}.Debug|Any CPU.Build.0 = Debug|Any CPU
		{752D3CF5-793D-488A-B51A-043857FB731E}.Release|Any CPU.ActiveCfg = Release|Any CPU
		{752D3CF5-793D-488A-B51A-043857FB731E}.Release|Any CPU.Build.0 = Release|Any CPU
		{98B4E121-12E5-4035-B721-4879C4DC445E}.Debug|Any CPU.ActiveCfg = Debug|Any CPU
		{98B4E121-12E5-4035-B721-4879C4DC445E}.Debug|Any CPU.Build.0 = Debug|Any CPU
		{98B4E121-12E5-4035-B721-4879C4DC445E}.Release|Any CPU.ActiveCfg = Release|Any CPU
		{98B4E121-12E5-4035-B721-4879C4DC445E}.Release|Any CPU.Build.0 = Release|Any CPU
		{0276C9D7-18E4-45A2-8CD1-3C51DD79D81C}.Debug|Any CPU.ActiveCfg = Debug|Any CPU
		{0276C9D7-18E4-45A2-8CD1-3C51DD79D81C}.Debug|Any CPU.Build.0 = Debug|Any CPU
		{0276C9D7-18E4-45A2-8CD1-3C51DD79D81C}.Release|Any CPU.ActiveCfg = Release|Any CPU
		{0276C9D7-18E4-45A2-8CD1-3C51DD79D81C}.Release|Any CPU.Build.0 = Release|Any CPU
		{A86ACD3D-8B75-4BDF-A586-26A6E287AAF5}.Debug|Any CPU.ActiveCfg = Debug|Any CPU
		{A86ACD3D-8B75-4BDF-A586-26A6E287AAF5}.Debug|Any CPU.Build.0 = Debug|Any CPU
		{A86ACD3D-8B75-4BDF-A586-26A6E287AAF5}.Release|Any CPU.ActiveCfg = Release|Any CPU
		{A86ACD3D-8B75-4BDF-A586-26A6E287AAF5}.Release|Any CPU.Build.0 = Release|Any CPU
		{AADB45F5-215D-4A97-84F2-93DCDCDE7191}.Debug|Any CPU.ActiveCfg = Debug|Any CPU
		{AADB45F5-215D-4A97-84F2-93DCDCDE7191}.Debug|Any CPU.Build.0 = Debug|Any CPU
		{AADB45F5-215D-4A97-84F2-93DCDCDE7191}.Release|Any CPU.ActiveCfg = Release|Any CPU
		{AADB45F5-215D-4A97-84F2-93DCDCDE7191}.Release|Any CPU.Build.0 = Release|Any CPU
	EndGlobalSection
	GlobalSection(SolutionProperties) = preSolution
		HideSolutionNode = FALSE
	EndGlobalSection
EndGlobal
